
Microsoft Visual Studio Solution File, Format Version 12.00
# Visual Studio Version 16
VisualStudioVersion = 16.0.32602.291
MinimumVisualStudioVersion = 10.0.40219.1
Project("{FAE04EC0-301F-11D3-BF4B-00C04F79EFBC}") = "Projet_C", "Projet_C\Projet_C.csproj", "{D26C3357-B48C-4F70-B64B-5B6A806B4AE9}"
EndProject
Global
	GlobalSection(SolutionConfigurationPlatforms) = preSolution
		Debug|Any CPU = Debug|Any CPU
		Release|Any CPU = Release|Any CPU
	EndGlobalSection
	GlobalSection(ProjectConfigurationPlatforms) = postSolution
		{D26C3357-B48C-4F70-B64B-5B6A806B4AE9}.Debug|Any CPU.ActiveCfg = Debug|Any CPU
		{D26C3357-B48C-4F70-B64B-5B6A806B4AE9}.Debug|Any CPU.Build.0 = Debug|Any CPU
		{D26C3357-B48C-4F70-B64B-5B6A806B4AE9}.Release|Any CPU.ActiveCfg = Release|Any CPU
		{D26C3357-B48C-4F70-B64B-5B6A806B4AE9}.Release|Any CPU.Build.0 = Release|Any CPU
	EndGlobalSection
	GlobalSection(SolutionProperties) = preSolution
		HideSolutionNode = FALSE
	EndGlobalSection
	GlobalSection(ExtensibilityGlobals) = postSolution
		SolutionGuid = {48473A37-FDE8-475D-9831-152D91A6BA5C}
	EndGlobalSection
EndGlobal
